// !$*UTF8*$!
{
	archiveVersion = 1;
	classes = {
	};
	objectVersion = 56;
	objects = {

/* Begin PBXBuildFile section */
		9A069C892AE0A969009F0C2A /* AppDelegate.swift in Sources */ = {isa = PBXBuildFile; fileRef = 9A069C882AE0A969009F0C2A /* AppDelegate.swift */; };
		9A069C8B2AE0A969009F0C2A /* ViewController.swift in Sources */ = {isa = PBXBuildFile; fileRef = 9A069C8A2AE0A969009F0C2A /* ViewController.swift */; };
		9A069C8D2AE0A96A009F0C2A /* Assets.xcassets in Resources */ = {isa = PBXBuildFile; fileRef = 9A069C8C2AE0A96A009F0C2A /* Assets.xcassets */; };
		9A069C902AE0A96A009F0C2A /* Main.storyboard in Resources */ = {isa = PBXBuildFile; fileRef = 9A069C8E2AE0A96A009F0C2A /* Main.storyboard */; };
		9A069C992AE0AFD8009F0C2A /* hello.m in Sources */ = {isa = PBXBuildFile; fileRef = 9A069C982AE0AFD8009F0C2A /* hello.m */; };
		9A069C9C2AE0B150009F0C2A /* CoreDisplay.framework in Frameworks */ = {isa = PBXBuildFile; fileRef = 9A069C9B2AE0B150009F0C2A /* CoreDisplay.framework */; };
/* End PBXBuildFile section */

/* Begin PBXFileReference section */
		9A069C852AE0A969009F0C2A /* DisplayInfos.app */ = {isa = PBXFileReference; explicitFileType = wrapper.application; includeInIndex = 0; path = DisplayInfos.app; sourceTree = BUILT_PRODUCTS_DIR; };
		9A069C882AE0A969009F0C2A /* AppDelegate.swift */ = {isa = PBXFileReference; lastKnownFileType = sourcecode.swift; path = AppDelegate.swift; sourceTree = "<group>"; };
		9A069C8A2AE0A969009F0C2A /* ViewController.swift */ = {isa = PBXFileReference; lastKnownFileType = sourcecode.swift; path = ViewController.swift; sourceTree = "<group>"; };
		9A069C8C2AE0A96A009F0C2A /* Assets.xcassets */ = {isa = PBXFileReference; lastKnownFileType = folder.assetcatalog; path = Assets.xcassets; sourceTree = "<group>"; };
		9A069C8F2AE0A96A009F0C2A /* Base */ = {isa = PBXFileReference; lastKnownFileType = file.storyboard; name = Base; path = Base.lproj/Main.storyboard; sourceTree = "<group>"; };
		9A069C912AE0A96A009F0C2A /* DisplayInfos.entitlements */ = {isa = PBXFileReference; lastKnownFileType = text.plist.entitlements; path = DisplayInfos.entitlements; sourceTree = "<group>"; };
		9A069C972AE0AFD7009F0C2A /* DisplayInfos-Bridging-Header.h */ = {isa = PBXFileReference; lastKnownFileType = sourcecode.c.h; path = "DisplayInfos-Bridging-Header.h"; sourceTree = "<group>"; };
		9A069C982AE0AFD8009F0C2A /* hello.m */ = {isa = PBXFileReference; lastKnownFileType = sourcecode.c.objc; path = hello.m; sourceTree = "<group>"; };
		9A069C9B2AE0B150009F0C2A /* CoreDisplay.framework */ = {isa = PBXFileReference; lastKnownFileType = wrapper.framework; name = CoreDisplay.framework; path = Platforms/MacOSX.platform/Developer/SDKs/MacOSX.sdk/System/Library/Frameworks/CoreDisplay.framework; sourceTree = DEVELOPER_DIR; };
/* End PBXFileReference section */

/* Begin PBXFrameworksBuildPhase section */
		9A069C822AE0A969009F0C2A /* Frameworks */ = {
			isa = PBXFrameworksBuildPhase;
			buildActionMask = 2147483647;
			files = (
				9A069C9C2AE0B150009F0C2A /* CoreDisplay.framework in Frameworks */,
			);
			runOnlyForDeploymentPostprocessing = 0;
		};
/* End PBXFrameworksBuildPhase section */

/* Begin PBXGroup section */
		9A069C7C2AE0A969009F0C2A = {
			isa = PBXGroup;
			children = (
				9A069C872AE0A969009F0C2A /* DisplayInfos */,
				9A069C862AE0A969009F0C2A /* Products */,
				9A069C9A2AE0B150009F0C2A /* Frameworks */,
			);
			sourceTree = "<group>";
		};
		9A069C862AE0A969009F0C2A /* Products */ = {
			isa = PBXGroup;
			children = (
				9A069C852AE0A969009F0C2A /* DisplayInfos.app */,
			);
			name = Products;
			sourceTree = "<group>";
		};
		9A069C872AE0A969009F0C2A /* DisplayInfos */ = {
			isa = PBXGroup;
			children = (
				9A069C882AE0A969009F0C2A /* AppDelegate.swift */,
				9A069C8A2AE0A969009F0C2A /* ViewController.swift */,
				9A069C8C2AE0A96A009F0C2A /* Assets.xcassets */,
				9A069C8E2AE0A96A009F0C2A /* Main.storyboard */,
				9A069C912AE0A96A009F0C2A /* DisplayInfos.entitlements */,
				9A069C982AE0AFD8009F0C2A /* hello.m */,
				9A069C972AE0AFD7009F0C2A /* DisplayInfos-Bridging-Header.h */,
			);
			path = DisplayInfos;
			sourceTree = "<group>";
		};
		9A069C9A2AE0B150009F0C2A /* Frameworks */ = {
			isa = PBXGroup;
			children = (
				9A069C9B2AE0B150009F0C2A /* CoreDisplay.framework */,
			);
			name = Frameworks;
			sourceTree = "<group>";
		};
/* End PBXGroup section */

/* Begin PBXNativeTarget section */
		9A069C842AE0A969009F0C2A /* DisplayInfos */ = {
			isa = PBXNativeTarget;
			buildConfigurationList = 9A069C942AE0A96A009F0C2A /* Build configuration list for PBXNativeTarget "DisplayInfos" */;
			buildPhases = (
				9A069C812AE0A969009F0C2A /* Sources */,
				9A069C822AE0A969009F0C2A /* Frameworks */,
				9A069C832AE0A969009F0C2A /* Resources */,
			);
			buildRules = (
			);
			dependencies = (
			);
			name = DisplayInfos;
			productName = DisplayInfos;
			productReference = 9A069C852AE0A969009F0C2A /* DisplayInfos.app */;
			productType = "com.apple.product-type.application";
		};
/* End PBXNativeTarget section */

/* Begin PBXProject section */
		9A069C7D2AE0A969009F0C2A /* Project object */ = {
			isa = PBXProject;
			attributes = {
				BuildIndependentTargetsInParallel = 1;
				LastSwiftUpdateCheck = 1500;
				LastUpgradeCheck = 1500;
				TargetAttributes = {
					9A069C842AE0A969009F0C2A = {
						CreatedOnToolsVersion = 15.0;
						LastSwiftMigration = 1500;
					};
				};
			};
			buildConfigurationList = 9A069C802AE0A969009F0C2A /* Build configuration list for PBXProject "DisplayInfos" */;
			compatibilityVersion = "Xcode 14.0";
			developmentRegion = en;
			hasScannedForEncodings = 0;
			knownRegions = (
				en,
				Base,
			);
			mainGroup = 9A069C7C2AE0A969009F0C2A;
			productRefGroup = 9A069C862AE0A969009F0C2A /* Products */;
			projectDirPath = "";
			projectRoot = "";
			targets = (
				9A069C842AE0A969009F0C2A /* DisplayInfos */,
			);
		};
/* End PBXProject section */

/* Begin PBXResourcesBuildPhase section */
		9A069C832AE0A969009F0C2A /* Resources */ = {
			isa = PBXResourcesBuildPhase;
			buildActionMask = 2147483647;
			files = (
				9A069C8D2AE0A96A009F0C2A /* Assets.xcassets in Resources */,
				9A069C902AE0A96A009F0C2A /* Main.storyboard in Resources */,
			);
			runOnlyForDeploymentPostprocessing = 0;
		};
/* End PBXResourcesBuildPhase section */

/* Begin PBXSourcesBuildPhase section */
		9A069C812AE0A969009F0C2A /* Sources */ = {
			isa = PBXSourcesBuildPhase;
			buildActionMask = 2147483647;
			files = (
				9A069C992AE0AFD8009F0C2A /* hello.m in Sources */,
				9A069C8B2AE0A969009F0C2A /* ViewController.swift in Sources */,
				9A069C892AE0A969009F0C2A /* AppDelegate.swift in Sources */,
			);
			runOnlyForDeploymentPostprocessing = 0;
		};
/* End PBXSourcesBuildPhase section */

/* Begin PBXVariantGroup section */
		9A069C8E2AE0A96A009F0C2A /* Main.storyboard */ = {
			isa = PBXVariantGroup;
			children = (
				9A069C8F2AE0A96A009F0C2A /* Base */,
			);
			name = Main.storyboard;
			sourceTree = "<group>";
		};
/* End PBXVariantGroup section */

/* Begin XCBuildConfiguration section */
		9A069C922AE0A96A009F0C2A /* Debug */ = {
			isa = XCBuildConfiguration;
			buildSettings = {
				ALWAYS_SEARCH_USER_PATHS = NO;
				ASSETCATALOG_COMPILER_GENERATE_SWIFT_ASSET_SYMBOL_EXTENSIONS = YES;
				CLANG_ANALYZER_NONNULL = YES;
				CLANG_ANALYZER_NUMBER_OBJECT_CONVERSION = YES_AGGRESSIVE;
				CLANG_CXX_LANGUAGE_STANDARD = "gnu++20";
				CLANG_ENABLE_MODULES = YES;
				CLANG_ENABLE_OBJC_ARC = YES;
				CLANG_ENABLE_OBJC_WEAK = YES;
				CLANG_WARN_BLOCK_CAPTURE_AUTORELEASING = YES;
				CLANG_WARN_BOOL_CONVERSION = YES;
				CLANG_WARN_COMMA = YES;
				CLANG_WARN_CONSTANT_CONVERSION = YES;
				CLANG_WARN_DEPRECATED_OBJC_IMPLEMENTATIONS = YES;
				CLANG_WARN_DIRECT_OBJC_ISA_USAGE = YES_ERROR;
				CLANG_WARN_DOCUMENTATION_COMMENTS = YES;
				CLANG_WARN_EMPTY_BODY = YES;
				CLANG_WARN_ENUM_CONVERSION = YES;
				CLANG_WARN_INFINITE_RECURSION = YES;
				CLANG_WARN_INT_CONVERSION = YES;
				CLANG_WARN_NON_LITERAL_NULL_CONVERSION = YES;
				CLANG_WARN_OBJC_IMPLICIT_RETAIN_SELF = YES;
				CLANG_WARN_OBJC_LITERAL_CONVERSION = YES;
				CLANG_WARN_OBJC_ROOT_CLASS = YES_ERROR;
				CLANG_WARN_QUOTED_INCLUDE_IN_FRAMEWORK_HEADER = YES;
				CLANG_WARN_RANGE_LOOP_ANALYSIS = YES;
				CLANG_WARN_STRICT_PROTOTYPES = YES;
				CLANG_WARN_SUSPICIOUS_MOVE = YES;
				CLANG_WARN_UNGUARDED_AVAILABILITY = YES_AGGRESSIVE;
				CLANG_WARN_UNREACHABLE_CODE = YES;
				CLANG_WARN__DUPLICATE_METHOD_MATCH = YES;
				COPY_PHASE_STRIP = NO;
				DEBUG_INFORMATION_FORMAT = dwarf;
				ENABLE_STRICT_OBJC_MSGSEND = YES;
				ENABLE_TESTABILITY = YES;
				ENABLE_USER_SCRIPT_SANDBOXING = YES;
				GCC_C_LANGUAGE_STANDARD = gnu17;
				GCC_DYNAMIC_NO_PIC = NO;
				GCC_NO_COMMON_BLOCKS = YES;
				GCC_OPTIMIZATION_LEVEL = 0;
				GCC_PREPROCESSOR_DEFINITIONS = (
					"DEBUG=1",
					"$(inherited)",
				);
				GCC_WARN_64_TO_32_BIT_CONVERSION = YES;
				GCC_WARN_ABOUT_RETURN_TYPE = YES_ERROR;
				GCC_WARN_UNDECLARED_SELECTOR = YES;
				GCC_WARN_UNINITIALIZED_AUTOS = YES_AGGRESSIVE;
				GCC_WARN_UNUSED_FUNCTION = YES;
				GCC_WARN_UNUSED_VARIABLE = YES;
				LOCALIZATION_PREFERS_STRING_CATALOGS = YES;
				MACOSX_DEPLOYMENT_TARGET = 14.0;
				MTL_ENABLE_DEBUG_INFO = INCLUDE_SOURCE;
				MTL_FAST_MATH = YES;
				ONLY_ACTIVE_ARCH = YES;
				SDKROOT = macosx;
				SWIFT_ACTIVE_COMPILATION_CONDITIONS = "DEBUG $(inherited)";
				SWIFT_OPTIMIZATION_LEVEL = "-Onone";
			};
			name = Debug;
		};
		9A069C932AE0A96A009F0C2A /* Release */ = {
			isa = XCBuildConfiguration;
			buildSettings = {
				ALWAYS_SEARCH_USER_PATHS = NO;
				ASSETCATALOG_COMPILER_GENERATE_SWIFT_ASSET_SYMBOL_EXTENSIONS = YES;
				CLANG_ANALYZER_NONNULL = YES;
				CLANG_ANALYZER_NUMBER_OBJECT_CONVERSION = YES_AGGRESSIVE;
				CLANG_CXX_LANGUAGE_STANDARD = "gnu++20";
				CLANG_ENABLE_MODULES = YES;
				CLANG_ENABLE_OBJC_ARC = YES;
				CLANG_ENABLE_OBJC_WEAK = YES;
				CLANG_WARN_BLOCK_CAPTURE_AUTORELEASING = YES;
				CLANG_WARN_BOOL_CONVERSION = YES;
				CLANG_WARN_COMMA = YES;
				CLANG_WARN_CONSTANT_CONVERSION = YES;
				CLANG_WARN_DEPRECATED_OBJC_IMPLEMENTATIONS = YES;
				CLANG_WARN_DIRECT_OBJC_ISA_USAGE = YES_ERROR;
				CLANG_WARN_DOCUMENTATION_COMMENTS = YES;
				CLANG_WARN_EMPTY_BODY = YES;
				CLANG_WARN_ENUM_CONVERSION = YES;
				CLANG_WARN_INFINITE_RECURSION = YES;
				CLANG_WARN_INT_CONVERSION = YES;
				CLANG_WARN_NON_LITERAL_NULL_CONVERSION = YES;
				CLANG_WARN_OBJC_IMPLICIT_RETAIN_SELF = YES;
				CLANG_WARN_OBJC_LITERAL_CONVERSION = YES;
				CLANG_WARN_OBJC_ROOT_CLASS = YES_ERROR;
				CLANG_WARN_QUOTED_INCLUDE_IN_FRAMEWORK_HEADER = YES;
				CLANG_WARN_RANGE_LOOP_ANALYSIS = YES;
				CLANG_WARN_STRICT_PROTOTYPES = YES;
				CLANG_WARN_SUSPICIOUS_MOVE = YES;
				CLANG_WARN_UNGUARDED_AVAILABILITY = YES_AGGRESSIVE;
				CLANG_WARN_UNREACHABLE_CODE = YES;
				CLANG_WARN__DUPLICATE_METHOD_MATCH = YES;
				COPY_PHASE_STRIP = NO;
				DEBUG_INFORMATION_FORMAT = "dwarf-with-dsym";
				ENABLE_NS_ASSERTIONS = NO;
				ENABLE_STRICT_OBJC_MSGSEND = YES;
				ENABLE_USER_SCRIPT_SANDBOXING = YES;
				GCC_C_LANGUAGE_STANDARD = gnu17;
				GCC_NO_COMMON_BLOCKS = YES;
				GCC_WARN_64_TO_32_BIT_CONVERSION = YES;
				GCC_WARN_ABOUT_RETURN_TYPE = YES_ERROR;
				GCC_WARN_UNDECLARED_SELECTOR = YES;
				GCC_WARN_UNINITIALIZED_AUTOS = YES_AGGRESSIVE;
				GCC_WARN_UNUSED_FUNCTION = YES;
				GCC_WARN_UNUSED_VARIABLE = YES;
				LOCALIZATION_PREFERS_STRING_CATALOGS = YES;
				MACOSX_DEPLOYMENT_TARGET = 14.0;
				MTL_ENABLE_DEBUG_INFO = NO;
				MTL_FAST_MATH = YES;
				SDKROOT = macosx;
				SWIFT_COMPILATION_MODE = wholemodule;
			};
			name = Release;
		};
		9A069C952AE0A96A009F0C2A /* Debug */ = {
			isa = XCBuildConfiguration;
			buildSettings = {
				ASSETCATALOG_COMPILER_APPICON_NAME = AppIcon;
				ASSETCATALOG_COMPILER_GLOBAL_ACCENT_COLOR_NAME = AccentColor;
				CLANG_ENABLE_MODULES = YES;
				CODE_SIGN_ENTITLEMENTS = DisplayInfos/DisplayInfos.entitlements;
				CODE_SIGN_STYLE = Automatic;
				COMBINE_HIDPI_IMAGES = YES;
				CURRENT_PROJECT_VERSION = 1;
				DEVELOPMENT_TEAM = T2DT6C6U3X;
				ENABLE_HARDENED_RUNTIME = YES;
				GENERATE_INFOPLIST_FILE = YES;
				INFOPLIST_KEY_NSHumanReadableCopyright = "";
				INFOPLIST_KEY_NSMainStoryboardFile = Main;
				INFOPLIST_KEY_NSPrincipalClass = NSApplication;
				LD_RUNPATH_SEARCH_PATHS = (
					"$(inherited)",
					"@executable_path/../Frameworks",
				);
				MARKETING_VERSION = 1.0;
				PRODUCT_BUNDLE_IDENTIFIER = com.armoredcore.mpv.DisplayInfos;
				PRODUCT_NAME = "$(TARGET_NAME)";
				SWIFT_EMIT_LOC_STRINGS = YES;
				SWIFT_OBJC_BRIDGING_HEADER = "DisplayInfos/DisplayInfos-Bridging-Header.h";
				SWIFT_OPTIMIZATION_LEVEL = "-Onone";
				SWIFT_VERSION = 5.0;
			};
			name = Debug;
		};
		9A069C962AE0A96A009F0C2A /* Release */ = {
			isa = XCBuildConfiguration;
			buildSettings = {
				ASSETCATALOG_COMPILER_APPICON_NAME = AppIcon;
				ASSETCATALOG_COMPILER_GLOBAL_ACCENT_COLOR_NAME = AccentColor;
				CLANG_ENABLE_MODULES = YES;
				CODE_SIGN_ENTITLEMENTS = DisplayInfos/DisplayInfos.entitlements;
				CODE_SIGN_STYLE = Automatic;
				COMBINE_HIDPI_IMAGES = YES;
				CURRENT_PROJECT_VERSION = 1;
				DEVELOPMENT_TEAM = T2DT6C6U3X;
				ENABLE_HARDENED_RUNTIME = YES;
				GENERATE_INFOPLIST_FILE = YES;
				INFOPLIST_KEY_NSHumanReadableCopyright = "";
				INFOPLIST_KEY_NSMainStoryboardFile = Main;
				INFOPLIST_KEY_NSPrincipalClass = NSApplication;
				LD_RUNPATH_SEARCH_PATHS = (
					"$(inherited)",
					"@executable_path/../Frameworks",
				);
				MARKETING_VERSION = 1.0;
				PRODUCT_BUNDLE_IDENTIFIER = com.armoredcore.mpv.DisplayInfos;
				PRODUCT_NAME = "$(TARGET_NAME)";
				SWIFT_EMIT_LOC_STRINGS = YES;
				SWIFT_OBJC_BRIDGING_HEADER = "DisplayInfos/DisplayInfos-Bridging-Header.h";
				SWIFT_VERSION = 5.0;
			};
			name = Release;
		};
/* End XCBuildConfiguration section */

/* Begin XCConfigurationList section */
		9A069C802AE0A969009F0C2A /* Build configuration list for PBXProject "DisplayInfos" */ = {
			isa = XCConfigurationList;
			buildConfigurations = (
				9A069C922AE0A96A009F0C2A /* Debug */,
				9A069C932AE0A96A009F0C2A /* Release */,
			);
			defaultConfigurationIsVisible = 0;
			defaultConfigurationName = Release;
		};
		9A069C942AE0A96A009F0C2A /* Build configuration list for PBXNativeTarget "DisplayInfos" */ = {
			isa = XCConfigurationList;
			buildConfigurations = (
				9A069C952AE0A96A009F0C2A /* Debug */,
				9A069C962AE0A96A009F0C2A /* Release */,
			);
			defaultConfigurationIsVisible = 0;
			defaultConfigurationName = Release;
		};
/* End XCConfigurationList section */
	};
	rootObject = 9A069C7D2AE0A969009F0C2A /* Project object */;
}
